# THIS IS AN AUTOGENERATED FILE. DO NOT EDIT THIS FILE DIRECTLY.
# yarn lockfile v1


"authing-js-sdk@file:../authing-js-sdk":
  version "4.4.2"
  dependencies:
    axios "^0.19.2"
    jsencrypt "^3.0.0-rc.1"
    jwt-decode "^2.2.0"

axios@^0.19.2:
  version "0.19.2"
  resolved "https://registry.npm.taobao.org/axios/download/axios-0.19.2.tgz#3ea36c5d8818d0d5f8a8a97a6d36b86cdc00cb27"
  integrity sha1-PqNsXYgY0NX4qKl6bTa4bNwAyyc=
  dependencies:
    follow-redirects "1.5.10"

debug@=3.1.0:
  version "3.1.0"
  resolved "https://registry.npm.taobao.org/debug/download/debug-3.1.0.tgz?cache=0&sync_timestamp=1600502820683&other_urls=https%3A%2F%2Fregistry.npm.taobao.org%2Fdebug%2Fdownload%2Fdebug-3.1.0.tgz#5bb5a0672628b64149566ba16819e61518c67261"
  integrity sha1-W7WgZyYotkFJVmuhaBnmFRjGcmE=
  dependencies:
    ms "2.0.0"

follow-redirects@1.5.10:
  version "1.5.10"
  resolved "https://registry.npm.taobao.org/follow-redirects/download/follow-redirects-1.5.10.tgz?cache=0&sync_timestamp=1597059692702&other_urls=https%3A%2F%2Fregistry.npm.taobao.org%2Ffollow-redirects%2Fdownload%2Ffollow-redirects-1.5.10.tgz#7b7a9f9aea2fdff36786a94ff643ed07f4ff5e2a"
  integrity sha1-e3qfmuov3/NnhqlP9kPtB/T/Xio=
  dependencies:
    debug "=3.1.0"

follow-redirects@^1.4.1:
  version "1.13.0"
  resolved "https://registry.npm.taobao.org/follow-redirects/download/follow-redirects-1.13.0.tgz?cache=0&sync_timestamp=1597059692702&other_urls=https%3A%2F%2Fregistry.npm.taobao.org%2Ffollow-redirects%2Fdownload%2Ffollow-redirects-1.13.0.tgz#b42e8d93a2a7eea5ed88633676d6597bc8e384db"
  integrity sha1-tC6Nk6Kn7qXtiGM2dtZZe8jjhNs=

is-buffer@^2.0.2:
  version "2.0.5"
  resolved "https://registry.npm.taobao.org/is-buffer/download/is-buffer-2.0.5.tgz#ebc252e400d22ff8d77fa09888821a24a658c191"
  integrity sha1-68JS5ADSL/jXf6CYiIIaJKZYwZE=

jsencrypt@^3.0.0-rc.1:
  version "3.0.0-rc.1"
  resolved "https://registry.npm.taobao.org/jsencrypt/download/jsencrypt-3.0.0-rc.1.tgz#0e0a4744ba43cc557fb5cf62fe8646bceb561b1c"
  integrity sha1-DgpHRLpDzFV/tc9i/oZGvOtWGxw=

jwt-decode@^2.2.0:
  version "2.2.0"
  resolved "https://registry.npm.taobao.org/jwt-decode/download/jwt-decode-2.2.0.tgz#7d86bd56679f58ce6a84704a657dd392bba81a79"
  integrity sha1-fYa9VmefWM5qhHBKZX3TkruoGnk=

ms@2.0.0:
  version "2.0.0"
  resolved "https://registry.npm.taobao.org/ms/download/ms-2.0.0.tgz#5608aeadfc00be6c2901df5f9861788de0d597c8"
  integrity sha1-VgiurfwAvmwpAd9fmGF4jeDVl8g=

wx-axios@^0.0.7:
  version "0.0.7"
  resolved "https://registry.npm.taobao.org/wx-axios/download/wx-axios-0.0.7.tgz#c3f4b16038ef8a6456593571a75e52305425d50c"
  integrity sha1-w/SxYDjvimRWWTVxp15SMFQl1Qw=
  dependencies:
    follow-redirects "^1.4.1"
    is-buffer "^2.0.2"
