# THIS IS AN AUTOGENERATED FILE. DO NOT EDIT THIS FILE DIRECTLY.
# yarn lockfile v1


"@babel/code-frame@^7.0.0":
  version "7.16.7"
  resolved "https://registry.npmjs.org/@babel/code-frame/-/code-frame-7.16.7.tgz"
  dependencies:
    "@babel/highlight" "^7.16.7"

"@babel/helper-validator-identifier@^7.16.7":
  version "7.16.7"
  resolved "https://registry.npmjs.org/@babel/helper-validator-identifier/-/helper-validator-identifier-7.16.7.tgz"

"@babel/highlight@^7.16.7":
  version "7.16.10"
  resolved "https://registry.npmjs.org/@babel/highlight/-/highlight-7.16.10.tgz"
  dependencies:
    "@babel/helper-validator-identifier" "^7.16.7"
    chalk "^2.0.0"
    js-tokens "^4.0.0"

"@hutson/parse-repository-url@^3.0.0":
  version "3.0.2"
  resolved "https://registry.npmjs.org/@hutson/parse-repository-url/-/parse-repository-url-3.0.2.tgz"

"@types/minimist@^1.2.0":
  version "1.2.2"
  resolved "https://registry.npmjs.org/@types/minimist/-/minimist-1.2.2.tgz"

"@types/node@^14.14.7":
  version "14.14.7"
  resolved "https://registry.npm.taobao.org/@types/node/download/@types/node-14.14.7.tgz?cache=0&sync_timestamp=1604951837015&other_urls=https%3A%2F%2Fregistry.npm.taobao.org%2F%40types%2Fnode%2Fdownload%2F%40types%2Fnode-14.14.7.tgz"
  integrity "sha1-jqHo+OriQwz0QFZLmMbfzh7FlF0= sha512-Zw1vhUSQZYw+7u5dAwNbIA9TuTotpzY/OF7sJM9FqPOF3SPjKnxrjoTktXDZgUjybf4cWVBP7O8wvKdSaGHweg=="

"@types/normalize-package-data@^2.4.0":
  version "2.4.1"
  resolved "https://registry.npmjs.org/@types/normalize-package-data/-/normalize-package-data-2.4.1.tgz"

JSONStream@^1.0.4:
  version "1.3.5"
  resolved "https://registry.npmjs.org/JSONStream/-/JSONStream-1.3.5.tgz"
  dependencies:
    jsonparse "^1.2.0"
    through ">=2.2.7 <3"

add-stream@^1.0.0:
  version "1.0.0"
  resolved "https://registry.npmjs.org/add-stream/-/add-stream-1.0.0.tgz"

ansi-regex@^5.0.1:
  version "5.0.1"
  resolved "https://registry.npmjs.org/ansi-regex/-/ansi-regex-5.0.1.tgz"

ansi-styles@^3.2.1:
  version "3.2.1"
  resolved "https://registry.npmjs.org/ansi-styles/-/ansi-styles-3.2.1.tgz"
  dependencies:
    color-convert "^1.9.0"

ansi-styles@^4.0.0, ansi-styles@^4.1.0:
  version "4.3.0"
  resolved "https://registry.npmjs.org/ansi-styles/-/ansi-styles-4.3.0.tgz"
  dependencies:
    color-convert "^2.0.1"

array-ify@^1.0.0:
  version "1.0.0"
  resolved "https://registry.npmjs.org/array-ify/-/array-ify-1.0.0.tgz"

arrify@^1.0.1:
  version "1.0.1"
  resolved "https://registry.npmjs.org/arrify/-/arrify-1.0.1.tgz"

authing-js-sdk@4.15.8:
  version "4.15.8"
  resolved "https://registry.npm.taobao.org/authing-js-sdk/download/authing-js-sdk-4.15.8.tgz"
  integrity "sha1-APRjOTNF0K0h8rqfis5qsLtleoQ= sha512-Yp8WKy3/J7f60m0l39A9E2cUw5I0rGPbEpW6bXsl3PREr3S0pcSuQw1j0E8qDt8ZVEqfDyswThVZcNE3jsAOKQ=="
  dependencies:
    axios "^0.19.2"
    jsencrypt "^3.0.0-rc.1"
    jwt-decode "^2.2.0"

axios@^0.19.2:
  version "0.19.2"
  resolved "https://registry.npm.taobao.org/axios/download/axios-0.19.2.tgz"
  dependencies:
    follow-redirects "1.5.10"

camelcase-keys@^6.2.2:
  version "6.2.2"
  resolved "https://registry.npmjs.org/camelcase-keys/-/camelcase-keys-6.2.2.tgz"
  dependencies:
    camelcase "^5.3.1"
    map-obj "^4.0.0"
    quick-lru "^4.0.1"

camelcase@^5.3.1:
  version "5.3.1"
  resolved "https://registry.npmjs.org/camelcase/-/camelcase-5.3.1.tgz"

chalk@^2.0.0:
  version "2.4.2"
  resolved "https://registry.npmjs.org/chalk/-/chalk-2.4.2.tgz"
  dependencies:
    ansi-styles "^3.2.1"
    escape-string-regexp "^1.0.5"
    supports-color "^5.3.0"

chalk@^4.1.0:
  version "4.1.2"
  resolved "https://registry.npmjs.org/chalk/-/chalk-4.1.2.tgz"
  dependencies:
    ansi-styles "^4.1.0"
    supports-color "^7.1.0"

cliui@^7.0.2:
  version "7.0.4"
  resolved "https://registry.npmjs.org/cliui/-/cliui-7.0.4.tgz"
  dependencies:
    string-width "^4.2.0"
    strip-ansi "^6.0.0"
    wrap-ansi "^7.0.0"

color-convert@^1.9.0:
  version "1.9.3"
  resolved "https://registry.npmjs.org/color-convert/-/color-convert-1.9.3.tgz"
  dependencies:
    color-name "1.1.3"

color-convert@^2.0.1:
  version "2.0.1"
  resolved "https://registry.npmjs.org/color-convert/-/color-convert-2.0.1.tgz"
  dependencies:
    color-name "~1.1.4"

color-name@1.1.3:
  version "1.1.3"
  resolved "https://registry.npmjs.org/color-name/-/color-name-1.1.3.tgz"

color-name@~1.1.4:
  version "1.1.4"
  resolved "https://registry.npmjs.org/color-name/-/color-name-1.1.4.tgz"

compare-func@^2.0.0:
  version "2.0.0"
  resolved "https://registry.npmjs.org/compare-func/-/compare-func-2.0.0.tgz"
  dependencies:
    array-ify "^1.0.0"
    dot-prop "^5.1.0"

conventional-changelog-angular@^5.0.12:
  version "5.0.13"
  resolved "https://registry.npmjs.org/conventional-changelog-angular/-/conventional-changelog-angular-5.0.13.tgz"
  dependencies:
    compare-func "^2.0.0"
    q "^1.5.1"

conventional-changelog-atom@^2.0.8:
  version "2.0.8"
  resolved "https://registry.npmjs.org/conventional-changelog-atom/-/conventional-changelog-atom-2.0.8.tgz"
  dependencies:
    q "^1.5.1"

conventional-changelog-cli@^2.0.31:
  version "2.2.2"
  resolved "https://registry.npmjs.org/conventional-changelog-cli/-/conventional-changelog-cli-2.2.2.tgz"
  dependencies:
    add-stream "^1.0.0"
    conventional-changelog "^3.1.24"
    lodash "^4.17.15"
    meow "^8.0.0"
    tempfile "^3.0.0"

conventional-changelog-codemirror@^2.0.8:
  version "2.0.8"
  resolved "https://registry.npmjs.org/conventional-changelog-codemirror/-/conventional-changelog-codemirror-2.0.8.tgz"
  dependencies:
    q "^1.5.1"

conventional-changelog-conventionalcommits@^4.5.0:
  version "4.6.3"
  resolved "https://registry.npmjs.org/conventional-changelog-conventionalcommits/-/conventional-changelog-conventionalcommits-4.6.3.tgz"
  dependencies:
    compare-func "^2.0.0"
    lodash "^4.17.15"
    q "^1.5.1"

conventional-changelog-core@^4.2.1:
  version "4.2.4"
  resolved "https://registry.npmjs.org/conventional-changelog-core/-/conventional-changelog-core-4.2.4.tgz"
  dependencies:
    add-stream "^1.0.0"
    conventional-changelog-writer "^5.0.0"
    conventional-commits-parser "^3.2.0"
    dateformat "^3.0.0"
    get-pkg-repo "^4.0.0"
    git-raw-commits "^2.0.8"
    git-remote-origin-url "^2.0.0"
    git-semver-tags "^4.1.1"
    lodash "^4.17.15"
    normalize-package-data "^3.0.0"
    q "^1.5.1"
    read-pkg "^3.0.0"
    read-pkg-up "^3.0.0"
    through2 "^4.0.0"

conventional-changelog-ember@^2.0.9:
  version "2.0.9"
  resolved "https://registry.npmjs.org/conventional-changelog-ember/-/conventional-changelog-ember-2.0.9.tgz"
  dependencies:
    q "^1.5.1"

conventional-changelog-eslint@^3.0.9:
  version "3.0.9"
  resolved "https://registry.npmjs.org/conventional-changelog-eslint/-/conventional-changelog-eslint-3.0.9.tgz"
  dependencies:
    q "^1.5.1"

conventional-changelog-express@^2.0.6:
  version "2.0.6"
  resolved "https://registry.npmjs.org/conventional-changelog-express/-/conventional-changelog-express-2.0.6.tgz"
  dependencies:
    q "^1.5.1"

conventional-changelog-jquery@^3.0.11:
  version "3.0.11"
  resolved "https://registry.npmjs.org/conventional-changelog-jquery/-/conventional-changelog-jquery-3.0.11.tgz"
  dependencies:
    q "^1.5.1"

conventional-changelog-jshint@^2.0.9:
  version "2.0.9"
  resolved "https://registry.npmjs.org/conventional-changelog-jshint/-/conventional-changelog-jshint-2.0.9.tgz"
  dependencies:
    compare-func "^2.0.0"
    q "^1.5.1"

conventional-changelog-preset-loader@^2.3.4:
  version "2.3.4"
  resolved "https://registry.npmjs.org/conventional-changelog-preset-loader/-/conventional-changelog-preset-loader-2.3.4.tgz"

conventional-changelog-writer@^5.0.0:
  version "5.0.1"
  resolved "https://registry.npmjs.org/conventional-changelog-writer/-/conventional-changelog-writer-5.0.1.tgz"
  dependencies:
    conventional-commits-filter "^2.0.7"
    dateformat "^3.0.0"
    handlebars "^4.7.7"
    json-stringify-safe "^5.0.1"
    lodash "^4.17.15"
    meow "^8.0.0"
    semver "^6.0.0"
    split "^1.0.0"
    through2 "^4.0.0"

conventional-changelog@^3.1.24:
  version "3.1.25"
  resolved "https://registry.npmjs.org/conventional-changelog/-/conventional-changelog-3.1.25.tgz"
  dependencies:
    conventional-changelog-angular "^5.0.12"
    conventional-changelog-atom "^2.0.8"
    conventional-changelog-codemirror "^2.0.8"
    conventional-changelog-conventionalcommits "^4.5.0"
    conventional-changelog-core "^4.2.1"
    conventional-changelog-ember "^2.0.9"
    conventional-changelog-eslint "^3.0.9"
    conventional-changelog-express "^2.0.6"
    conventional-changelog-jquery "^3.0.11"
    conventional-changelog-jshint "^2.0.9"
    conventional-changelog-preset-loader "^2.3.4"

conventional-commits-filter@^2.0.7:
  version "2.0.7"
  resolved "https://registry.npmjs.org/conventional-commits-filter/-/conventional-commits-filter-2.0.7.tgz"
  dependencies:
    lodash.ismatch "^4.4.0"
    modify-values "^1.0.0"

conventional-commits-parser@^3.2.0:
  version "3.2.4"
  resolved "https://registry.npmjs.org/conventional-commits-parser/-/conventional-commits-parser-3.2.4.tgz"
  dependencies:
    JSONStream "^1.0.4"
    is-text-path "^1.0.1"
    lodash "^4.17.15"
    meow "^8.0.0"
    split2 "^3.0.0"
    through2 "^4.0.0"

core-util-is@~1.0.0:
  version "1.0.3"
  resolved "https://registry.npmjs.org/core-util-is/-/core-util-is-1.0.3.tgz"

cross-spawn@^7.0.0:
  version "7.0.3"
  resolved "https://registry.npmjs.org/cross-spawn/-/cross-spawn-7.0.3.tgz"
  dependencies:
    path-key "^3.1.0"
    shebang-command "^2.0.0"
    which "^2.0.1"

dargs@^7.0.0:
  version "7.0.0"
  resolved "https://registry.npmjs.org/dargs/-/dargs-7.0.0.tgz"

dateformat@^3.0.0:
  version "3.0.3"
  resolved "https://registry.npmjs.org/dateformat/-/dateformat-3.0.3.tgz"

debug@=3.1.0:
  version "3.1.0"
  resolved "https://registry.npm.taobao.org/debug/download/debug-3.1.0.tgz?cache=0&sync_timestamp=1600502820683&other_urls=https%3A%2F%2Fregistry.npm.taobao.org%2Fdebug%2Fdownload%2Fdebug-3.1.0.tgz"
  dependencies:
    ms "2.0.0"

decamelize-keys@^1.1.0:
  version "1.1.0"
  resolved "https://registry.npmjs.org/decamelize-keys/-/decamelize-keys-1.1.0.tgz"
  dependencies:
    decamelize "^1.1.0"
    map-obj "^1.0.0"

decamelize@^1.1.0:
  version "1.2.0"
  resolved "https://registry.npmjs.org/decamelize/-/decamelize-1.2.0.tgz"

dot-prop@^5.1.0:
  version "5.3.0"
  resolved "https://registry.npmjs.org/dot-prop/-/dot-prop-5.3.0.tgz"
  dependencies:
    is-obj "^2.0.0"

emoji-regex@^8.0.0:
  version "8.0.0"
  resolved "https://registry.npmjs.org/emoji-regex/-/emoji-regex-8.0.0.tgz"

end-of-stream@^1.1.0:
  version "1.4.4"
  resolved "https://registry.npmjs.org/end-of-stream/-/end-of-stream-1.4.4.tgz"
  dependencies:
    once "^1.4.0"

error-ex@^1.3.1:
  version "1.3.2"
  resolved "https://registry.npmjs.org/error-ex/-/error-ex-1.3.2.tgz"
  dependencies:
    is-arrayish "^0.2.1"

escalade@^3.1.1:
  version "3.1.1"
  resolved "https://registry.npmjs.org/escalade/-/escalade-3.1.1.tgz"

escape-string-regexp@^1.0.5:
  version "1.0.5"
  resolved "https://registry.npmjs.org/escape-string-regexp/-/escape-string-regexp-1.0.5.tgz"

execa@^4.0.2:
  version "4.1.0"
  resolved "https://registry.npmjs.org/execa/-/execa-4.1.0.tgz"
  dependencies:
    cross-spawn "^7.0.0"
    get-stream "^5.0.0"
    human-signals "^1.1.1"
    is-stream "^2.0.0"
    merge-stream "^2.0.0"
    npm-run-path "^4.0.0"
    onetime "^5.1.0"
    signal-exit "^3.0.2"
    strip-final-newline "^2.0.0"

find-up@^2.0.0:
  version "2.1.0"
  resolved "https://registry.npmjs.org/find-up/-/find-up-2.1.0.tgz"
  dependencies:
    locate-path "^2.0.0"

find-up@^4.1.0:
  version "4.1.0"
  resolved "https://registry.npmjs.org/find-up/-/find-up-4.1.0.tgz"
  dependencies:
    locate-path "^5.0.0"
    path-exists "^4.0.0"

follow-redirects@1.5.10, follow-redirects@^1.4.1:
  version "1.5.10"
  resolved "https://registry.npm.taobao.org/follow-redirects/download/follow-redirects-1.5.10.tgz"
  dependencies:
    debug "=3.1.0"

function-bind@^1.1.1:
  version "1.1.1"
  resolved "https://registry.npmjs.org/function-bind/-/function-bind-1.1.1.tgz"

get-caller-file@^2.0.5:
  version "2.0.5"
  resolved "https://registry.npmjs.org/get-caller-file/-/get-caller-file-2.0.5.tgz"

get-pkg-repo@^4.0.0:
  version "4.2.1"
  resolved "https://registry.npmjs.org/get-pkg-repo/-/get-pkg-repo-4.2.1.tgz"
  dependencies:
    "@hutson/parse-repository-url" "^3.0.0"
    hosted-git-info "^4.0.0"
    through2 "^2.0.0"
    yargs "^16.2.0"

get-stream@^5.0.0:
  version "5.2.0"
  resolved "https://registry.npmjs.org/get-stream/-/get-stream-5.2.0.tgz"
  dependencies:
    pump "^3.0.0"

git-raw-commits@^2.0.8:
  version "2.0.11"
  resolved "https://registry.npmjs.org/git-raw-commits/-/git-raw-commits-2.0.11.tgz"
  dependencies:
    dargs "^7.0.0"
    lodash "^4.17.15"
    meow "^8.0.0"
    split2 "^3.0.0"
    through2 "^4.0.0"

git-remote-origin-url@^2.0.0:
  version "2.0.0"
  resolved "https://registry.npmjs.org/git-remote-origin-url/-/git-remote-origin-url-2.0.0.tgz"
  dependencies:
    gitconfiglocal "^1.0.0"
    pify "^2.3.0"

git-semver-tags@^4.1.1:
  version "4.1.1"
  resolved "https://registry.npmjs.org/git-semver-tags/-/git-semver-tags-4.1.1.tgz"
  dependencies:
    meow "^8.0.0"
    semver "^6.0.0"

gitconfiglocal@^1.0.0:
  version "1.0.0"
  resolved "https://registry.npmjs.org/gitconfiglocal/-/gitconfiglocal-1.0.0.tgz"
  dependencies:
    ini "^1.3.2"

graceful-fs@^4.1.2:
  version "4.2.9"
  resolved "https://registry.npmjs.org/graceful-fs/-/graceful-fs-4.2.9.tgz"

handlebars@^4.7.7:
  version "4.7.7"
  resolved "https://registry.npmjs.org/handlebars/-/handlebars-4.7.7.tgz"
  dependencies:
    minimist "^1.2.5"
    neo-async "^2.6.0"
    source-map "^0.6.1"
    wordwrap "^1.0.0"
  optionalDependencies:
    uglify-js "^3.1.4"

hard-rejection@^2.1.0:
  version "2.1.0"
  resolved "https://registry.npmjs.org/hard-rejection/-/hard-rejection-2.1.0.tgz"

has-flag@^3.0.0:
  version "3.0.0"
  resolved "https://registry.npmjs.org/has-flag/-/has-flag-3.0.0.tgz"

has-flag@^4.0.0:
  version "4.0.0"
  resolved "https://registry.npmjs.org/has-flag/-/has-flag-4.0.0.tgz"

has@^1.0.3:
  version "1.0.3"
  resolved "https://registry.npmjs.org/has/-/has-1.0.3.tgz"
  dependencies:
    function-bind "^1.1.1"

hosted-git-info@^2.1.4:
  version "2.8.9"
  resolved "https://registry.npmjs.org/hosted-git-info/-/hosted-git-info-2.8.9.tgz"

hosted-git-info@^4.0.0, hosted-git-info@^4.0.1:
  version "4.1.0"
  resolved "https://registry.npmjs.org/hosted-git-info/-/hosted-git-info-4.1.0.tgz"
  dependencies:
    lru-cache "^6.0.0"

human-signals@^1.1.1:
  version "1.1.1"
  resolved "https://registry.npmjs.org/human-signals/-/human-signals-1.1.1.tgz"

indent-string@^4.0.0:
  version "4.0.0"
  resolved "https://registry.npmjs.org/indent-string/-/indent-string-4.0.0.tgz"

inherits@^2.0.3, inherits@~2.0.3:
  version "2.0.4"
  resolved "https://registry.npmjs.org/inherits/-/inherits-2.0.4.tgz"

ini@^1.3.2:
  version "1.3.8"
  resolved "https://registry.npmjs.org/ini/-/ini-1.3.8.tgz"

is-arrayish@^0.2.1:
  version "0.2.1"
  resolved "https://registry.npmjs.org/is-arrayish/-/is-arrayish-0.2.1.tgz"

is-buffer@^2.0.2:
  version "2.0.5"
  resolved "https://registry.npm.taobao.org/is-buffer/download/is-buffer-2.0.5.tgz"
  integrity "sha1-68JS5ADSL/jXf6CYiIIaJKZYwZE= sha512-i2R6zNFDwgEHJyQUtJEk0XFi1i0dPFn/oqjK3/vPCcDeJvW5NQ83V8QbicfF1SupOaB0h8ntgBC2YiE7dfyctQ=="

is-core-module@^2.5.0, is-core-module@^2.8.1:
  version "2.8.1"
  resolved "https://registry.npmjs.org/is-core-module/-/is-core-module-2.8.1.tgz"
  dependencies:
    has "^1.0.3"

is-fullwidth-code-point@^3.0.0:
  version "3.0.0"
  resolved "https://registry.npmjs.org/is-fullwidth-code-point/-/is-fullwidth-code-point-3.0.0.tgz"

is-obj@^2.0.0:
  version "2.0.0"
  resolved "https://registry.npmjs.org/is-obj/-/is-obj-2.0.0.tgz"

is-plain-obj@^1.1.0:
  version "1.1.0"
  resolved "https://registry.npmjs.org/is-plain-obj/-/is-plain-obj-1.1.0.tgz"

is-stream@^2.0.0:
  version "2.0.1"
  resolved "https://registry.npmjs.org/is-stream/-/is-stream-2.0.1.tgz"

is-text-path@^1.0.1:
  version "1.0.1"
  resolved "https://registry.npmjs.org/is-text-path/-/is-text-path-1.0.1.tgz"
  dependencies:
    text-extensions "^1.0.0"

isarray@~1.0.0:
  version "1.0.0"
  resolved "https://registry.npmjs.org/isarray/-/isarray-1.0.0.tgz"

isexe@^2.0.0:
  version "2.0.0"
  resolved "https://registry.npmjs.org/isexe/-/isexe-2.0.0.tgz"

js-tokens@^4.0.0:
  version "4.0.0"
  resolved "https://registry.npmjs.org/js-tokens/-/js-tokens-4.0.0.tgz"

jsencrypt@^3.0.0-rc.1:
  version "3.0.0-rc.1"
  resolved "https://registry.npm.taobao.org/jsencrypt/download/jsencrypt-3.0.0-rc.1.tgz"
  integrity "sha1-DgpHRLpDzFV/tc9i/oZGvOtWGxw= sha512-gcvGaqerlUJy1Kq6tNgPYteVEoWNemu+9hBe2CdsCIz4rVcwjoTQ72iD1W76/PRMlnkzG0yVh7nwOOMOOUfKmg=="

json-parse-better-errors@^1.0.1:
  version "1.0.2"
  resolved "https://registry.npmjs.org/json-parse-better-errors/-/json-parse-better-errors-1.0.2.tgz"

json-parse-even-better-errors@^2.3.0:
  version "2.3.1"
  resolved "https://registry.npmjs.org/json-parse-even-better-errors/-/json-parse-even-better-errors-2.3.1.tgz"

json-stringify-safe@^5.0.1:
  version "5.0.1"
  resolved "https://registry.npmjs.org/json-stringify-safe/-/json-stringify-safe-5.0.1.tgz"

jsonparse@^1.2.0:
  version "1.3.1"
  resolved "https://registry.npmjs.org/jsonparse/-/jsonparse-1.3.1.tgz"

jwt-decode@^2.2.0:
  version "2.2.0"
  resolved "https://registry.npm.taobao.org/jwt-decode/download/jwt-decode-2.2.0.tgz"

kind-of@^6.0.3:
  version "6.0.3"
  resolved "https://registry.npmjs.org/kind-of/-/kind-of-6.0.3.tgz"

lines-and-columns@^1.1.6:
  version "1.2.4"
  resolved "https://registry.npmjs.org/lines-and-columns/-/lines-and-columns-1.2.4.tgz"

load-json-file@^4.0.0:
  version "4.0.0"
  resolved "https://registry.npmjs.org/load-json-file/-/load-json-file-4.0.0.tgz"
  dependencies:
    graceful-fs "^4.1.2"
    parse-json "^4.0.0"
    pify "^3.0.0"
    strip-bom "^3.0.0"

locate-path@^2.0.0:
  version "2.0.0"
  resolved "https://registry.npmjs.org/locate-path/-/locate-path-2.0.0.tgz"
  dependencies:
    p-locate "^2.0.0"
    path-exists "^3.0.0"

locate-path@^5.0.0:
  version "5.0.0"
  resolved "https://registry.npmjs.org/locate-path/-/locate-path-5.0.0.tgz"
  dependencies:
    p-locate "^4.1.0"

lodash.ismatch@^4.4.0:
  version "4.4.0"
  resolved "https://registry.npmjs.org/lodash.ismatch/-/lodash.ismatch-4.4.0.tgz"

lodash@^4.17.15:
  version "4.17.21"
  resolved "https://registry.npmjs.org/lodash/-/lodash-4.17.21.tgz"

lru-cache@^6.0.0:
  version "6.0.0"
  resolved "https://registry.npmjs.org/lru-cache/-/lru-cache-6.0.0.tgz"
  dependencies:
    yallist "^4.0.0"

map-obj@^1.0.0:
  version "1.0.1"
  resolved "https://registry.npmjs.org/map-obj/-/map-obj-1.0.1.tgz"

map-obj@^4.0.0:
  version "4.3.0"
  resolved "https://registry.npmjs.org/map-obj/-/map-obj-4.3.0.tgz"

meow@^8.0.0:
  version "8.1.2"
  resolved "https://registry.npmjs.org/meow/-/meow-8.1.2.tgz"
  dependencies:
    "@types/minimist" "^1.2.0"
    camelcase-keys "^6.2.2"
    decamelize-keys "^1.1.0"
    hard-rejection "^2.1.0"
    minimist-options "4.1.0"
    normalize-package-data "^3.0.0"
    read-pkg-up "^7.0.1"
    redent "^3.0.0"
    trim-newlines "^3.0.0"
    type-fest "^0.18.0"
    yargs-parser "^20.2.3"

merge-stream@^2.0.0:
  version "2.0.0"
  resolved "https://registry.npmjs.org/merge-stream/-/merge-stream-2.0.0.tgz"

mimic-fn@^2.1.0:
  version "2.1.0"
  resolved "https://registry.npmjs.org/mimic-fn/-/mimic-fn-2.1.0.tgz"

min-indent@^1.0.0:
  version "1.0.1"
  resolved "https://registry.npmjs.org/min-indent/-/min-indent-1.0.1.tgz"

minimist-options@4.1.0:
  version "4.1.0"
  resolved "https://registry.npmjs.org/minimist-options/-/minimist-options-4.1.0.tgz"
  dependencies:
    arrify "^1.0.1"
    is-plain-obj "^1.1.0"
    kind-of "^6.0.3"

minimist@^1.2.5:
  version "1.2.6"
  resolved "https://registry.yarnpkg.com/minimist/-/minimist-1.2.6.tgz#8637a5b759ea0d6e98702cfb3a9283323c93af44"

modify-values@^1.0.0:
  version "1.0.1"
  resolved "https://registry.npmjs.org/modify-values/-/modify-values-1.0.1.tgz"

ms@2.0.0:
  version "2.0.0"
  resolved "https://registry.npm.taobao.org/ms/download/ms-2.0.0.tgz"

neo-async@^2.6.0:
  version "2.6.2"
  resolved "https://registry.npmjs.org/neo-async/-/neo-async-2.6.2.tgz"

node-console-colors@^1.1.4:
  version "1.1.4"
  resolved "https://registry.npmjs.org/node-console-colors/-/node-console-colors-1.1.4.tgz"

normalize-package-data@^2.3.2, normalize-package-data@^2.5.0:
  version "2.5.0"
  resolved "https://registry.npmjs.org/normalize-package-data/-/normalize-package-data-2.5.0.tgz"
  dependencies:
    hosted-git-info "^2.1.4"
    resolve "^1.10.0"
    semver "2 || 3 || 4 || 5"
    validate-npm-package-license "^3.0.1"

normalize-package-data@^3.0.0:
  version "3.0.3"
  resolved "https://registry.npmjs.org/normalize-package-data/-/normalize-package-data-3.0.3.tgz"
  dependencies:
    hosted-git-info "^4.0.1"
    is-core-module "^2.5.0"
    semver "^7.3.4"
    validate-npm-package-license "^3.0.1"

npm-run-path@^4.0.0:
  version "4.0.1"
  resolved "https://registry.npmjs.org/npm-run-path/-/npm-run-path-4.0.1.tgz"
  dependencies:
    path-key "^3.0.0"

once@^1.3.1, once@^1.4.0:
  version "1.4.0"
  resolved "https://registry.npmjs.org/once/-/once-1.4.0.tgz"
  dependencies:
    wrappy "1"

onetime@^5.1.0:
  version "5.1.2"
  resolved "https://registry.npmjs.org/onetime/-/onetime-5.1.2.tgz"
  dependencies:
    mimic-fn "^2.1.0"

p-limit@^1.1.0:
  version "1.3.0"
  resolved "https://registry.npmjs.org/p-limit/-/p-limit-1.3.0.tgz"
  dependencies:
    p-try "^1.0.0"

p-limit@^2.2.0:
  version "2.3.0"
  resolved "https://registry.npmjs.org/p-limit/-/p-limit-2.3.0.tgz"
  dependencies:
    p-try "^2.0.0"

p-locate@^2.0.0:
  version "2.0.0"
  resolved "https://registry.npmjs.org/p-locate/-/p-locate-2.0.0.tgz"
  dependencies:
    p-limit "^1.1.0"

p-locate@^4.1.0:
  version "4.1.0"
  resolved "https://registry.npmjs.org/p-locate/-/p-locate-4.1.0.tgz"
  dependencies:
    p-limit "^2.2.0"

p-try@^1.0.0:
  version "1.0.0"
  resolved "https://registry.npmjs.org/p-try/-/p-try-1.0.0.tgz"

p-try@^2.0.0:
  version "2.2.0"
  resolved "https://registry.npmjs.org/p-try/-/p-try-2.2.0.tgz"

parse-json@^4.0.0:
  version "4.0.0"
  resolved "https://registry.npmjs.org/parse-json/-/parse-json-4.0.0.tgz"
  dependencies:
    error-ex "^1.3.1"
    json-parse-better-errors "^1.0.1"

parse-json@^5.0.0:
  version "5.2.0"
  resolved "https://registry.npmjs.org/parse-json/-/parse-json-5.2.0.tgz"
  dependencies:
    "@babel/code-frame" "^7.0.0"
    error-ex "^1.3.1"
    json-parse-even-better-errors "^2.3.0"
    lines-and-columns "^1.1.6"

path-exists@^3.0.0:
  version "3.0.0"
  resolved "https://registry.npmjs.org/path-exists/-/path-exists-3.0.0.tgz"

path-exists@^4.0.0:
  version "4.0.0"
  resolved "https://registry.npmjs.org/path-exists/-/path-exists-4.0.0.tgz"

path-key@^3.0.0, path-key@^3.1.0:
  version "3.1.1"
  resolved "https://registry.npmjs.org/path-key/-/path-key-3.1.1.tgz"

path-parse@^1.0.7:
  version "1.0.7"
  resolved "https://registry.npmjs.org/path-parse/-/path-parse-1.0.7.tgz"

path-type@^3.0.0:
  version "3.0.0"
  resolved "https://registry.npmjs.org/path-type/-/path-type-3.0.0.tgz"
  dependencies:
    pify "^3.0.0"

pify@^2.3.0:
  version "2.3.0"
  resolved "https://registry.npmjs.org/pify/-/pify-2.3.0.tgz"

pify@^3.0.0:
  version "3.0.0"
  resolved "https://registry.npmjs.org/pify/-/pify-3.0.0.tgz"

process-nextick-args@~2.0.0:
  version "2.0.1"
  resolved "https://registry.npmjs.org/process-nextick-args/-/process-nextick-args-2.0.1.tgz"

pump@^3.0.0:
  version "3.0.0"
  resolved "https://registry.npmjs.org/pump/-/pump-3.0.0.tgz"
  dependencies:
    end-of-stream "^1.1.0"
    once "^1.3.1"

q@^1.5.1:
  version "1.5.1"
  resolved "https://registry.npmjs.org/q/-/q-1.5.1.tgz"

quick-lru@^4.0.1:
  version "4.0.1"
  resolved "https://registry.npmjs.org/quick-lru/-/quick-lru-4.0.1.tgz"

read-pkg-up@^3.0.0:
  version "3.0.0"
  resolved "https://registry.npmjs.org/read-pkg-up/-/read-pkg-up-3.0.0.tgz"
  dependencies:
    find-up "^2.0.0"
    read-pkg "^3.0.0"

read-pkg-up@^7.0.1:
  version "7.0.1"
  resolved "https://registry.npmjs.org/read-pkg-up/-/read-pkg-up-7.0.1.tgz"
  dependencies:
    find-up "^4.1.0"
    read-pkg "^5.2.0"
    type-fest "^0.8.1"

read-pkg@^3.0.0:
  version "3.0.0"
  resolved "https://registry.npmjs.org/read-pkg/-/read-pkg-3.0.0.tgz"
  dependencies:
    load-json-file "^4.0.0"
    normalize-package-data "^2.3.2"
    path-type "^3.0.0"

read-pkg@^5.2.0:
  version "5.2.0"
  resolved "https://registry.npmjs.org/read-pkg/-/read-pkg-5.2.0.tgz"
  dependencies:
    "@types/normalize-package-data" "^2.4.0"
    normalize-package-data "^2.5.0"
    parse-json "^5.0.0"
    type-fest "^0.6.0"

readable-stream@3, readable-stream@^3.0.0:
  version "3.6.0"
  resolved "https://registry.npmjs.org/readable-stream/-/readable-stream-3.6.0.tgz"
  dependencies:
    inherits "^2.0.3"
    string_decoder "^1.1.1"
    util-deprecate "^1.0.1"

readable-stream@~2.3.6:
  version "2.3.7"
  resolved "https://registry.npmjs.org/readable-stream/-/readable-stream-2.3.7.tgz"
  dependencies:
    core-util-is "~1.0.0"
    inherits "~2.0.3"
    isarray "~1.0.0"
    process-nextick-args "~2.0.0"
    safe-buffer "~5.1.1"
    string_decoder "~1.1.1"
    util-deprecate "~1.0.1"

redent@^3.0.0:
  version "3.0.0"
  resolved "https://registry.npmjs.org/redent/-/redent-3.0.0.tgz"
  dependencies:
    indent-string "^4.0.0"
    strip-indent "^3.0.0"

require-directory@^2.1.1:
  version "2.1.1"
  resolved "https://registry.npmjs.org/require-directory/-/require-directory-2.1.1.tgz"

resolve@^1.10.0:
  version "1.22.0"
  resolved "https://registry.npmjs.org/resolve/-/resolve-1.22.0.tgz"
  dependencies:
    is-core-module "^2.8.1"
    path-parse "^1.0.7"
    supports-preserve-symlinks-flag "^1.0.0"

safe-buffer@~5.1.0, safe-buffer@~5.1.1:
  version "5.1.2"
  resolved "https://registry.npmjs.org/safe-buffer/-/safe-buffer-5.1.2.tgz"

safe-buffer@~5.2.0:
  version "5.2.1"
  resolved "https://registry.npmjs.org/safe-buffer/-/safe-buffer-5.2.1.tgz"

"semver@2 || 3 || 4 || 5":
  version "5.7.1"
  resolved "https://registry.npmjs.org/semver/-/semver-5.7.1.tgz"

semver@^6.0.0:
  version "6.3.0"
  resolved "https://registry.npmjs.org/semver/-/semver-6.3.0.tgz"

semver@^7.3.4:
  version "7.3.5"
  resolved "https://registry.npmjs.org/semver/-/semver-7.3.5.tgz"
  dependencies:
    lru-cache "^6.0.0"

shebang-command@^2.0.0:
  version "2.0.0"
  resolved "https://registry.npmjs.org/shebang-command/-/shebang-command-2.0.0.tgz"
  dependencies:
    shebang-regex "^3.0.0"

shebang-regex@^3.0.0:
  version "3.0.0"
  resolved "https://registry.npmjs.org/shebang-regex/-/shebang-regex-3.0.0.tgz"

signal-exit@^3.0.2:
  version "3.0.6"
  resolved "https://registry.npmjs.org/signal-exit/-/signal-exit-3.0.6.tgz"

source-map@^0.6.1:
  version "0.6.1"
  resolved "https://registry.npmjs.org/source-map/-/source-map-0.6.1.tgz"

spdx-correct@^3.0.0:
  version "3.1.1"
  resolved "https://registry.npmjs.org/spdx-correct/-/spdx-correct-3.1.1.tgz"
  dependencies:
    spdx-expression-parse "^3.0.0"
    spdx-license-ids "^3.0.0"

spdx-exceptions@^2.1.0:
  version "2.3.0"
  resolved "https://registry.npmjs.org/spdx-exceptions/-/spdx-exceptions-2.3.0.tgz"

spdx-expression-parse@^3.0.0:
  version "3.0.1"
  resolved "https://registry.npmjs.org/spdx-expression-parse/-/spdx-expression-parse-3.0.1.tgz"
  dependencies:
    spdx-exceptions "^2.1.0"
    spdx-license-ids "^3.0.0"

spdx-license-ids@^3.0.0:
  version "3.0.11"
  resolved "https://registry.npmjs.org/spdx-license-ids/-/spdx-license-ids-3.0.11.tgz"

split2@^3.0.0:
  version "3.2.2"
  resolved "https://registry.npmjs.org/split2/-/split2-3.2.2.tgz"
  dependencies:
    readable-stream "^3.0.0"

split@^1.0.0:
  version "1.0.1"
  resolved "https://registry.npmjs.org/split/-/split-1.0.1.tgz"
  dependencies:
    through "2"

string-width@^4.1.0, string-width@^4.2.0:
  version "4.2.3"
  resolved "https://registry.npmjs.org/string-width/-/string-width-4.2.3.tgz"
  dependencies:
    emoji-regex "^8.0.0"
    is-fullwidth-code-point "^3.0.0"
    strip-ansi "^6.0.1"

string_decoder@^1.1.1:
  version "1.3.0"
  resolved "https://registry.npmjs.org/string_decoder/-/string_decoder-1.3.0.tgz"
  dependencies:
    safe-buffer "~5.2.0"

string_decoder@~1.1.1:
  version "1.1.1"
  resolved "https://registry.npmjs.org/string_decoder/-/string_decoder-1.1.1.tgz"
  dependencies:
    safe-buffer "~5.1.0"

strip-ansi@^6.0.0, strip-ansi@^6.0.1:
  version "6.0.1"
  resolved "https://registry.npmjs.org/strip-ansi/-/strip-ansi-6.0.1.tgz"
  dependencies:
    ansi-regex "^5.0.1"

strip-bom@^3.0.0:
  version "3.0.0"
  resolved "https://registry.npmjs.org/strip-bom/-/strip-bom-3.0.0.tgz"

strip-final-newline@^2.0.0:
  version "2.0.0"
  resolved "https://registry.npmjs.org/strip-final-newline/-/strip-final-newline-2.0.0.tgz"

strip-indent@^3.0.0:
  version "3.0.0"
  resolved "https://registry.npmjs.org/strip-indent/-/strip-indent-3.0.0.tgz"
  dependencies:
    min-indent "^1.0.0"

supports-color@^5.3.0:
  version "5.5.0"
  resolved "https://registry.npmjs.org/supports-color/-/supports-color-5.5.0.tgz"
  dependencies:
    has-flag "^3.0.0"

supports-color@^7.1.0:
  version "7.2.0"
  resolved "https://registry.npmjs.org/supports-color/-/supports-color-7.2.0.tgz"
  dependencies:
    has-flag "^4.0.0"

supports-preserve-symlinks-flag@^1.0.0:
  version "1.0.0"
  resolved "https://registry.npmjs.org/supports-preserve-symlinks-flag/-/supports-preserve-symlinks-flag-1.0.0.tgz"

temp-dir@^2.0.0:
  version "2.0.0"
  resolved "https://registry.npmjs.org/temp-dir/-/temp-dir-2.0.0.tgz"

tempfile@^3.0.0:
  version "3.0.0"
  resolved "https://registry.npmjs.org/tempfile/-/tempfile-3.0.0.tgz"
  dependencies:
    temp-dir "^2.0.0"
    uuid "^3.3.2"

text-extensions@^1.0.0:
  version "1.9.0"
  resolved "https://registry.npmjs.org/text-extensions/-/text-extensions-1.9.0.tgz"

through2@^2.0.0:
  version "2.0.5"
  resolved "https://registry.npmjs.org/through2/-/through2-2.0.5.tgz"
  dependencies:
    readable-stream "~2.3.6"
    xtend "~4.0.1"

through2@^4.0.0:
  version "4.0.2"
  resolved "https://registry.npmjs.org/through2/-/through2-4.0.2.tgz"
  dependencies:
    readable-stream "3"

through@2, "through@>=2.2.7 <3":
  version "2.3.8"
  resolved "https://registry.npmjs.org/through/-/through-2.3.8.tgz"

trim-newlines@^3.0.0:
  version "3.0.1"
  resolved "https://registry.npmjs.org/trim-newlines/-/trim-newlines-3.0.1.tgz"

type-fest@^0.18.0:
  version "0.18.1"
  resolved "https://registry.npmjs.org/type-fest/-/type-fest-0.18.1.tgz"

type-fest@^0.6.0:
  version "0.6.0"
  resolved "https://registry.npmjs.org/type-fest/-/type-fest-0.6.0.tgz"

type-fest@^0.8.1:
  version "0.8.1"
  resolved "https://registry.npmjs.org/type-fest/-/type-fest-0.8.1.tgz"

typescript@^4.0.5:
  version "4.0.5"
  resolved "https://registry.npmjs.org/typescript/-/typescript-4.0.5.tgz"

uglify-js@^3.1.4:
  version "3.15.0"
  resolved "https://registry.npmjs.org/uglify-js/-/uglify-js-3.15.0.tgz"

util-deprecate@^1.0.1, util-deprecate@~1.0.1:
  version "1.0.2"
  resolved "https://registry.npmjs.org/util-deprecate/-/util-deprecate-1.0.2.tgz"

uuid@^3.3.2:
  version "3.4.0"
  resolved "https://registry.npmjs.org/uuid/-/uuid-3.4.0.tgz"

validate-npm-package-license@^3.0.1:
  version "3.0.4"
  resolved "https://registry.npmjs.org/validate-npm-package-license/-/validate-npm-package-license-3.0.4.tgz"
  dependencies:
    spdx-correct "^3.0.0"
    spdx-expression-parse "^3.0.0"

which@^2.0.1:
  version "2.0.2"
  resolved "https://registry.npmjs.org/which/-/which-2.0.2.tgz"
  dependencies:
    isexe "^2.0.0"

wordwrap@^1.0.0:
  version "1.0.0"
  resolved "https://registry.npmjs.org/wordwrap/-/wordwrap-1.0.0.tgz"

wrap-ansi@^7.0.0:
  version "7.0.0"
  resolved "https://registry.npmjs.org/wrap-ansi/-/wrap-ansi-7.0.0.tgz"
  dependencies:
    ansi-styles "^4.0.0"
    string-width "^4.1.0"
    strip-ansi "^6.0.0"

wrappy@1:
  version "1.0.2"
  resolved "https://registry.npmjs.org/wrappy/-/wrappy-1.0.2.tgz"

wx-axios@^0.0.7:
  version "0.0.7"
  resolved "https://registry.npm.taobao.org/wx-axios/download/wx-axios-0.0.7.tgz"
  integrity "sha1-w/SxYDjvimRWWTVxp15SMFQl1Qw= sha512-hPobpb88p9lL0MnLxQ1IqLL2xHICfvDYcAnSSehzuhHhcOZtEFHpFWF7zWf7eUMe3/eHwWCia0bDdkGmLg083g=="
  dependencies:
    follow-redirects "^1.4.1"
    is-buffer "^2.0.2"

xtend@~4.0.1:
  version "4.0.2"
  resolved "https://registry.npmjs.org/xtend/-/xtend-4.0.2.tgz"

y18n@^5.0.5:
  version "5.0.8"
  resolved "https://registry.npmjs.org/y18n/-/y18n-5.0.8.tgz"

yallist@^4.0.0:
  version "4.0.0"
  resolved "https://registry.npmjs.org/yallist/-/yallist-4.0.0.tgz"

yargs-parser@^20.2.2, yargs-parser@^20.2.3:
  version "20.2.9"
  resolved "https://registry.npmjs.org/yargs-parser/-/yargs-parser-20.2.9.tgz"

yargs@^16.2.0:
  version "16.2.0"
  resolved "https://registry.npmjs.org/yargs/-/yargs-16.2.0.tgz"
  dependencies:
    cliui "^7.0.2"
    escalade "^3.1.1"
    get-caller-file "^2.0.5"
    require-directory "^2.1.1"
    string-width "^4.2.0"
    y18n "^5.0.5"
    yargs-parser "^20.2.2"
